{
  "version": 4,
  "terraform_version": "1.10.5",
  "serial": 30,
  "lineage": "3d3cc5b8-5317-9bcb-75ea-7a9301eff106",
  "outputs": {},
  "resources": [
    {
      "mode": "data",
      "type": "azurerm_client_config",
      "name": "current",
      "provider": "provider[\"registry.terraform.io/hashicorp/azurerm\"]",
      "instances": [
        {
          "schema_version": 0,
          "attributes": {
            "client_id": "04b07795-8ddb-461a-bbee-02f9e1bf7b46",
            "id": "Y2xpZW50Q29uZmlncy9jbGllbnRJZD0wNGIwNzc5NS04ZGRiLTQ2MWEtYmJlZS0wMmY5ZTFiZjdiNDY7b2JqZWN0SWQ9NGIyMWRjZTEtODdhMi00Nzc2LWIxYTAtZjBiZjY2NDdkZjQ3O3N1YnNjcmlwdGlvbklkPTJmYTBlNTEyLWY3MGUtNDMwZi05MTg2LTFiMDY1NDNhODQ4ZTt0ZW5hbnRJZD1iZDRmMDQ4MS1iMTM3LTQwZjEtOWU2NC0yMGNmZDU1ZmJmNDk=",
            "object_id": "4b21dce1-87a2-4776-b1a0-f0bf6647df47",
            "subscription_id": "2fa0e512-f70e-430f-9186-1b06543a848e",
            "tenant_id": "bd4f0481-b137-40f1-9e64-20cfd55fbf49",
            "timeouts": null
          },
          "sensitive_attributes": []
        }
      ]
    },
    {
      "mode": "managed",
      "type": "azurerm_container_registry",
      "name": "acr",
      "provider": "provider[\"registry.terraform.io/hashicorp/azurerm\"]",
      "instances": [
        {
          "schema_version": 2,
          "attributes": {
            "admin_enabled": true,
            "admin_password": "mhA45rtW2PBVZApq9NKR+0CK+P+0MA1ZHq5mY2NSLB+ACRABw6If",
            "admin_username": "erezcontainerregistry",
            "anonymous_pull_enabled": false,
            "data_endpoint_enabled": false,
            "encryption": [],
            "export_policy_enabled": true,
            "georeplications": [],
            "id": "/subscriptions/2fa0e512-f70e-430f-9186-1b06543a848e/resourceGroups/Erez1-Candidate/providers/Microsoft.ContainerRegistry/registries/erezcontainerregistry",
            "identity": [],
            "location": "westeurope",
            "login_server": "erezcontainerregistry.azurecr.io",
            "name": "erezcontainerregistry",
            "network_rule_bypass_option": "AzureServices",
            "network_rule_set": [],
            "public_network_access_enabled": true,
            "quarantine_policy_enabled": false,
            "resource_group_name": "Erez1-Candidate",
            "retention_policy_in_days": 0,
            "sku": "Basic",
            "tags": {},
            "timeouts": null,
            "trust_policy_enabled": false,
            "zone_redundancy_enabled": false
          },
          "sensitive_attributes": [
            [
              {
                "type": "get_attr",
                "value": "admin_password"
              }
            ]
          ],
          "private": "eyJlMmJmYjczMC1lY2FhLTExZTYtOGY4OC0zNDM2M2JjN2M0YzAiOnsiY3JlYXRlIjoxODAwMDAwMDAwMDAwLCJkZWxldGUiOjE4MDAwMDAwMDAwMDAsInJlYWQiOjMwMDAwMDAwMDAwMCwidXBkYXRlIjoxODAwMDAwMDAwMDAwfSwic2NoZW1hX3ZlcnNpb24iOiIyIn0=",
          "dependencies": [
            "azurerm_resource_group.devops"
          ]
        }
      ]
    },
    {
      "mode": "managed",
      "type": "azurerm_key_vault",
      "name": "kv",
      "provider": "provider[\"registry.terraform.io/hashicorp/azurerm\"]",
      "instances": [
        {
          "schema_version": 2,
          "attributes": {
            "access_policy": [
              {
                "application_id": "",
                "certificate_permissions": [],
                "key_permissions": [],
                "object_id": "787293c9-dc10-48e9-bc10-bb6fe6a83dec",
                "secret_permissions": [
                  "Get",
                  "List"
                ],
                "storage_permissions": [],
                "tenant_id": "bd4f0481-b137-40f1-9e64-20cfd55fbf49"
              }
            ],
            "contact": [],
            "enable_rbac_authorization": false,
            "enabled_for_deployment": false,
            "enabled_for_disk_encryption": false,
            "enabled_for_template_deployment": false,
            "id": "/subscriptions/2fa0e512-f70e-430f-9186-1b06543a848e/resourceGroups/Erez1-Candidate/providers/Microsoft.KeyVault/vaults/erez-akskv",
            "location": "westeurope",
            "name": "erez-akskv",
            "network_acls": [
              {
                "bypass": "AzureServices",
                "default_action": "Allow",
                "ip_rules": [],
                "virtual_network_subnet_ids": []
              }
            ],
            "public_network_access_enabled": true,
            "purge_protection_enabled": true,
            "resource_group_name": "Erez1-Candidate",
            "sku_name": "standard",
            "soft_delete_retention_days": 90,
            "tags": {},
            "tenant_id": "bd4f0481-b137-40f1-9e64-20cfd55fbf49",
            "timeouts": null,
            "vault_uri": "https://erez-akskv.vault.azure.net/"
          },
          "sensitive_attributes": [],
          "private": "eyJlMmJmYjczMC1lY2FhLTExZTYtOGY4OC0zNDM2M2JjN2M0YzAiOnsiY3JlYXRlIjoxODAwMDAwMDAwMDAwLCJkZWxldGUiOjE4MDAwMDAwMDAwMDAsInJlYWQiOjMwMDAwMDAwMDAwMCwidXBkYXRlIjoxODAwMDAwMDAwMDAwfSwic2NoZW1hX3ZlcnNpb24iOiIyIn0=",
          "dependencies": [
            "azurerm_resource_group.devops",
            "data.azurerm_client_config.current"
          ]
        }
      ]
    },
    {
      "mode": "managed",
      "type": "azurerm_key_vault_access_policy",
      "name": "aks_access_policy",
      "provider": "provider[\"registry.terraform.io/hashicorp/azurerm\"]",
      "instances": [
        {
          "schema_version": 0,
          "attributes": {
            "application_id": "",
            "certificate_permissions": [],
            "id": "/subscriptions/2fa0e512-f70e-430f-9186-1b06543a848e/resourceGroups/Erez1-Candidate/providers/Microsoft.KeyVault/vaults/erez-akskv/objectId/787293c9-dc10-48e9-bc10-bb6fe6a83dec",
            "key_permissions": [],
            "key_vault_id": "/subscriptions/2fa0e512-f70e-430f-9186-1b06543a848e/resourceGroups/Erez1-Candidate/providers/Microsoft.KeyVault/vaults/erez-akskv",
            "object_id": "787293c9-dc10-48e9-bc10-bb6fe6a83dec",
            "secret_permissions": [
              "Get",
              "List"
            ],
            "storage_permissions": [],
            "tenant_id": "bd4f0481-b137-40f1-9e64-20cfd55fbf49",
            "timeouts": null
          },
          "sensitive_attributes": [],
          "private": "eyJlMmJmYjczMC1lY2FhLTExZTYtOGY4OC0zNDM2M2JjN2M0YzAiOnsiY3JlYXRlIjoxODAwMDAwMDAwMDAwLCJkZWxldGUiOjE4MDAwMDAwMDAwMDAsInJlYWQiOjMwMDAwMDAwMDAwMCwidXBkYXRlIjoxODAwMDAwMDAwMDAwfX0=",
          "dependencies": [
            "azurerm_key_vault.kv",
            "azurerm_kubernetes_cluster.aks",
            "azurerm_resource_group.devops",
            "azurerm_subnet.aks_subnet",
            "azurerm_virtual_network.vnet",
            "data.azurerm_client_config.current"
          ]
        }
      ]
    },
    {
      "mode": "managed",
      "type": "azurerm_kubernetes_cluster",
      "name": "aks",
      "provider": "provider[\"registry.terraform.io/hashicorp/azurerm\"]",
      "instances": [
        {
          "schema_version": 2,
          "attributes": {
            "aci_connector_linux": [],
            "api_server_access_profile": [
              {
                "authorized_ip_ranges": [
                  "203.0.113.0/24"
                ]
              }
            ],
            "auto_scaler_profile": [],
            "automatic_upgrade_channel": "",
            "azure_active_directory_role_based_access_control": [
              {
                "admin_group_object_ids": [
                  "147084b4-5625-4f92-afd9-e90ce49064e2"
                ],
                "azure_rbac_enabled": true,
                "tenant_id": "bd4f0481-b137-40f1-9e64-20cfd55fbf49"
              }
            ],
            "azure_policy_enabled": false,
            "confidential_computing": [],
            "cost_analysis_enabled": false,
            "current_kubernetes_version": "1.30.7",
            "default_node_pool": [
              {
                "auto_scaling_enabled": false,
                "capacity_reservation_group_id": "",
                "fips_enabled": false,
                "gpu_instance": "",
                "host_encryption_enabled": false,
                "host_group_id": "",
                "kubelet_config": [],
                "kubelet_disk_type": "OS",
                "linux_os_config": [],
                "max_count": 0,
                "max_pods": 30,
                "min_count": 0,
                "name": "default",
                "node_count": 1,
                "node_labels": {},
                "node_network_profile": [],
                "node_public_ip_enabled": false,
                "node_public_ip_prefix_id": "",
                "only_critical_addons_enabled": false,
                "orchestrator_version": "1.30",
                "os_disk_size_gb": 128,
                "os_disk_type": "Managed",
                "os_sku": "Ubuntu",
                "pod_subnet_id": "",
                "proximity_placement_group_id": "",
                "scale_down_mode": "Delete",
                "snapshot_id": "",
                "tags": {},
                "temporary_name_for_rotation": "",
                "type": "VirtualMachineScaleSets",
                "ultra_ssd_enabled": false,
                "upgrade_settings": [
                  {
                    "drain_timeout_in_minutes": 0,
                    "max_surge": "10%",
                    "node_soak_duration_in_minutes": 0
                  }
                ],
                "vm_size": "Standard_DS2_v2",
                "vnet_subnet_id": "/subscriptions/2fa0e512-f70e-430f-9186-1b06543a848e/resourceGroups/Erez1-Candidate/providers/Microsoft.Network/virtualNetworks/aks-vnet/subnets/aks-subnet",
                "workload_runtime": "",
                "zones": []
              }
            ],
            "disk_encryption_set_id": "",
            "dns_prefix": "akscluster",
            "dns_prefix_private_cluster": "",
            "edge_zone": "",
            "fqdn": "akscluster-n3wvgfzc.hcp.westeurope.azmk8s.io",
            "http_application_routing_enabled": false,
            "http_application_routing_zone_name": "",
            "http_proxy_config": [],
            "id": "/subscriptions/2fa0e512-f70e-430f-9186-1b06543a848e/resourceGroups/Erez1-Candidate/providers/Microsoft.ContainerService/managedClusters/aks-cluster",
            "identity": [
              {
                "identity_ids": [],
                "principal_id": "3ff3cb81-1629-4d39-a804-fbd0284e3e78",
                "tenant_id": "bd4f0481-b137-40f1-9e64-20cfd55fbf49",
                "type": "SystemAssigned"
              }
            ],
            "image_cleaner_enabled": null,
            "image_cleaner_interval_hours": null,
            "ingress_application_gateway": [],
            "key_management_service": [],
            "key_vault_secrets_provider": [],
            "kube_admin_config": [
              {
                "client_certificate": "LS0tLS1CRUdJTiBDRVJUSUZJQ0FURS0tLS0tCk1JSUZIakNDQXdhZ0F3SUJBZ0lSQUsrc05MVm8xem1UdHZGZ3FwZ0N4VU13RFFZSktvWklodmNOQVFFTEJRQXcKRFRFTE1Ba0dBMVVFQXhNQ1kyRXdIaGNOTWpVd01qQTVNRGt5T1RRNVdoY05NamN3TWpBNU1Ea3pPVFE1V2pBdwpNUmN3RlFZRFZRUUtFdzV6ZVhOMFpXMDZiV0Z6ZEdWeWN6RVZNQk1HQTFVRUF4TU1iV0Z6ZEdWeVkyeHBaVzUwCk1JSUNJakFOQmdrcWhraUc5dzBCQVFFRkFBT0NBZzhBTUlJQ0NnS0NBZ0VBbzVOQlc4bi81ZjMyZ3ZraUUya2gKRzJKS0pzS3NJYVQ2dHhHSHFsZjB6Z0NzeUZIdmNzVUFQcUhXYXNFWTV6ejA1eW5ueGFiY285MUZHWitFOXVWcwp4RjhFcmpWTXlmVUxraVhaWGFxVWFpNnJOU0k5eXJHaG1JU3ZxcGlTT1BCRFNlOVc5ekVkYVdjS1BwblJzL3cyCm45b2JVM1pVTmNwSmo1amduUER0b3BETk9JZm5TQXFYekFiMzEvUnpZSVdWK0haSWV1aEVWYnZLRnI4WVI0ZFcKZjRxMkgrbHFWRDBGdnVIalkzM3VMMFpmdVRiRHFCZitTVVdUVHFza0t4QW1lRmJtTjNvQkp4ME9mVklheXZERwpjZGR3Z0piWFRCeTdjcnJZQWdmWlNxT3RvYXBaNjRMc0lSWXlRZTY0azY5N01RbVQraitDekdXWjNXMnBqTk1ZClZXQ2hGaTNIVllTVTQxZHBxcDRtZVNJL3V5UENoZFloZ3IxdDd4NnZwZU9uVUlCb1JhQzFQUisvU1VPRXA2T0IKTnpwbGlqK1hPb0VHK3hDKzliR21EcFI2c0pYLzF5aVd3b2IxNEpncEFZVGIwZTZHSklvampHMWtPVkRNWHFkcQpYdVo4Q3VOQUNkMmhDTkVyVkpzbDl2U2EwUkVsVUp0bGFmQXNHUC9KRXRGQk1qdnZlYWN1UWFKbXRKRHl4bEg0CjFNYytwOWhLSThDaXQ4bjBGRGVIaGRTZDFPSXZlaVp1RzkwZW1aWmltT1VwSnExRVd1bkRLU29WZ3JDY3A3QUMKZG1lcTJjTDBMR01DWGdtaVVFbnNjdnRYVW91L3ZOeUVzZ1ZLcFpYeTREbkdBYUY1ZXh6eGVBTlFQSDhVM0ZnQwo0V3pxSm1YQ0lsdHk4RGhjSDlneVNCMENBd0VBQWFOV01GUXdEZ1lEVlIwUEFRSC9CQVFEQWdXZ01CTUdBMVVkCkpRUU1NQW9HQ0NzR0FRVUZCd01DTUF3R0ExVWRFd0VCL3dRQ01BQXdId1lEVlIwakJCZ3dGb0FVY01CbEF2SWwKM3o1cHFUSWE0Y0duU1dYZ2ZlNHdEUVlKS29aSWh2Y05BUUVMQlFBRGdnSUJBQnIzcDJrbUk3dHN3aFBMUG9aZApmMW5BTVJqQ2FoN0dvalFjQUY2cFJZQjVZY1M3SXE3bzhvTldMYittTjRYWDhwRnR1QXRrK3MvY0JtWXh0YVdnCjk2aGRmZzFZdWxNU0JsYWtFejYzUjhHQjNtQVd0bjUyZ3V1US9HNVNxRnJOTmhSMzdJQmZOS2V5S2VFNHRXbHkKU05BWjBjVlA4M2lxdlVmZGhaaDliSER1RHlMRnI2eDlDSGFCYzRZK240RTV2RnNpUDJBMmZHTlJ6ZUgxTWJpTgovQ3poUGh2YzFla2VxQitqdWtwZU9xYm9JOW5XM1FnaHI3QXVYWFRnOG8wUXJZY1drM0w1QUl4REVzam1sRmR0Ck0yNFlvTUNTUTZHU1lYNUxxN0RhanVNT3BvaktCTEpENGR1aTFWaGRYd0FGdlQxdkwxZ3BLN05xWkN2WENobHgKZEJEZ21JTUFScGp4amRpNkxiVUQ2L1IwTlR4TFNZb1VqdnJoMnVIUlZmZU9aUWVRV2dyWWJyVFE0Y01yWHdUTAprcU5hMGIrODRNb1ZpNk1YK3ZpR0pSVGpoT0YwV0tGSEpBdVZHQlhZMlRFOW9kTllGOEpZNFhRSWFJY05uQU5wCjVyUldkVFArSkhDN1NIMEhvOVl6VktXbHk0a1FsTnVRVDBJamF3QnV4eVNMR2hFSjhyQnpUU2x1WVlsRlA3a0wKczd1aFdiMVVjL0NwMEphcTNyZ1VzUiswYzY1Z3BIM2lPTy9zZVVaWU9LZjQ1THQybERLRE4wY3BISU9xWW1JcwpZYjRDeWE0TVBad3BsNE5yYXNFZHRXeDQ1NzQyRzBJMmYycEFNZENWcTVvV1h1MmVPQm11Skx5cDFZUS8rOXFDCk1DamhJcHlOU1NvZ2M2NGlKUGxsbmNNSAotLS0tLUVORCBDRVJUSUZJQ0FURS0tLS0tCg==",
                "client_key": "LS0tLS1CRUdJTiBSU0EgUFJJVkFURSBLRVktLS0tLQpNSUlKSndJQkFBS0NBZ0VBbzVOQlc4bi81ZjMyZ3ZraUUya2hHMkpLSnNLc0lhVDZ0eEdIcWxmMHpnQ3N5Rkh2CmNzVUFQcUhXYXNFWTV6ejA1eW5ueGFiY285MUZHWitFOXVWc3hGOEVyalZNeWZVTGtpWFpYYXFVYWk2ck5TSTkKeXJHaG1JU3ZxcGlTT1BCRFNlOVc5ekVkYVdjS1BwblJzL3cybjlvYlUzWlVOY3BKajVqZ25QRHRvcEROT0lmbgpTQXFYekFiMzEvUnpZSVdWK0haSWV1aEVWYnZLRnI4WVI0ZFdmNHEySCtscVZEMEZ2dUhqWTMzdUwwWmZ1VGJECnFCZitTVVdUVHFza0t4QW1lRmJtTjNvQkp4ME9mVklheXZER2NkZHdnSmJYVEJ5N2NycllBZ2ZaU3FPdG9hcFoKNjRMc0lSWXlRZTY0azY5N01RbVQraitDekdXWjNXMnBqTk1ZVldDaEZpM0hWWVNVNDFkcHFwNG1lU0kvdXlQQwpoZFloZ3IxdDd4NnZwZU9uVUlCb1JhQzFQUisvU1VPRXA2T0JOenBsaWorWE9vRUcreEMrOWJHbURwUjZzSlgvCjF5aVd3b2IxNEpncEFZVGIwZTZHSklvampHMWtPVkRNWHFkcVh1WjhDdU5BQ2QyaENORXJWSnNsOXZTYTBSRWwKVUp0bGFmQXNHUC9KRXRGQk1qdnZlYWN1UWFKbXRKRHl4bEg0MU1jK3A5aEtJOENpdDhuMEZEZUhoZFNkMU9JdgplaVp1RzkwZW1aWmltT1VwSnExRVd1bkRLU29WZ3JDY3A3QUNkbWVxMmNMMExHTUNYZ21pVUVuc2N2dFhVb3UvCnZOeUVzZ1ZLcFpYeTREbkdBYUY1ZXh6eGVBTlFQSDhVM0ZnQzRXenFKbVhDSWx0eThEaGNIOWd5U0IwQ0F3RUEKQVFLQ0FnQmMza1hGTHpJeUNiWGpOajY2ZG4xdFpxaGl5VE9oQm1HeGZpcGY4Ly93MVVGRG1nRXdUOWlMdHFaZApoYlAxMVEzV0VGeWVRdFlSMHBaZ3JjaDN4Rm0wUTU0TXFnWW13eEVHc0tad0gyQ1R5RnM3bDIwdG54djMwNTFJClpjYmV2TW4zT0FOUDVIcW1WUEhrQ01DZVJ4dGNOaUE5aW5qVThUeENZckZqYVFZQnZlUkZyQ01MSzdoekJhSEEKNGZCL1pGaDQ3KzdHbVFmekJPTC9kdzc1elVTMnRMSWgvQXQ2T0FzRERJeGsrQ0k2aE9IajdjdTNxNmViUWYwWQpOT0liOE5kbWl5KzVYM000R2E4WVIzMGVxd1IvcmFrWjJJbnpsSHgzN3N5a21vQXJlRElrRHV0dVlxNWRPcFRlCkNnS1JGcGdDaDBXVVZtcVVVVHJDRkhpbWsxTEVmWnJiQkhVdkFVbUU3NHdVQkhadlFnS0llakhFb0RXZWxCTE4KQ1pXYnFuVWJONWVyUitzR1p0YytGN0hibFl0cnhTSWpyeXk4VTFUMkFzL2JMWG81TFNldTBISitRd3d4SldCUwpJVVJZT1hoVFM1WmJCVDNwSVJoNDRtOUw0VGFBT0gvVDhtMzBjaGdFMzVMMTBKcHpVM0xYQVF6c1VRMzM3bDFCCm4xUUJRc0VrQml5UStjTGdlaTlIa0dnaFlUenphdW1WbXg0UnNBK0hZQkdzMXR0YVlkSVlGekNvWmVPblNxcUUKOFZsL3A4UXFEUDRhUklEN09vYWc1Q09EYjZmZTkxbTNBdTdLdUVwL1IxTzhKeDBKV1lVTGVhS0psZlhhMmM0aQpKb3ZuZXBTN2ZMcXNQelczTXF3M29IbXpWYVY0MWtlT2EzTHZUT3pMWi9ra01sb0xBUUtDQVFFQXdjYXFMRmFNCkVNOXVIeUFHVGtFdHZ6NjFSVm1ZK2dHbWgyaTNEUDY5eUVBaEZBL3kyUTZhVittbTRLN09ZTHRKMlovckdPSU0KUlZsYzhlT3ZRNHRjTHo1UUFiL0VGMThNQnF5eFNGdkJaWXVEUTFUeFdXYVltZTdqUGVHM25rZEVOOWdlbUNodQpjSk95cDNiR085QXdLZHlHbnJFNFZ5ZlgvZTRFU3lUa3BIenkvc2lWYjQwdVM4K24zZVNoYlpXYkcxNmw4VEhoClVmZUtjSlFtUzYyeEdXd0huem9GRnUwYjU5YWZValJybFFWRFhUZmtFQWx5WmNQTXh0WkdodEk1T2Z4VFlLK2MKSlVrK1YwNVI5NDRZWmVlYklhbjB5aWpTbE5zbGJrTllCdWtaWnhuMXRaUnFHTE84bCtnTmpzUGZxTHVHajc0bApENGhIR3cweDhHc3JsUUtDQVFFQTJCbnZuWmZYeGc0dU5WME1EL21pWjZ1VXE0a2lCRW9rQjNJSGZmQzRIQ3NZCmNEdXVpYUZkQjViYVFzMGhKbExGUDZhdXVCSVJPYjR0RU9QOFRwVkkxRTMybjF3Wmhpb3k0cFNtazUrNGRZRnQKVE5iR2tXS2p6VWhhZFE0Y2I4WWc2S2Q0WEFnMEFIcUwveWkyYXh5NTN4OFh1Z2s0c3o2TjErV1MxSWJrM2hoYwpCOC91VzBVVng4SUdlMXJjT2pXZVdCRVo3SGF0cXJZR041SmVlbmFVOVFOSE9jTDhsWEsxVlRUdmo4Ti9zNzFqCktzakVqVC8yaVUwc2RGY1djbnRGUm1RUWdkSnNNZWlFazIzSXZ4RjFBNGdDdUlpVHF4cWtmZHZuN3BERzlQZUIKZEdabEJySkZMUVgveWNZRXJUbG5Mc3V1Z3ZLdjlxNytMUzhrTlMzSWFRS0NBUUE0ZDhZN2FYVWpxTzcwVHdiSApZeU1McWlCMDl5a25JYmYvbWJwT0pTWDA1d3M4cDNFalk2Z0NtbW93NjMva25HOW01YjFDNFF5bVlPWSs3eFN4CjREaWE0OU80enNNNzlFeXkzVHhFVThqRjZLUDF5UmtUN2x2bDc4RjAxUVFITWNsbFpLdDF0OEtITitORi9jekMKdldacnJJSG1XTXFNUzJZYjczSjgyMkZ0dGFPeUw0MnNsajI1aGVmck42YjdJaSt6Q0IvZmE2TzNtU1ZVclRlRApzamY3cW9tR0V3aE1xQWdMeFhWa0pUWjhsSzRPeWl6QnA1OFluTGhkOFM5WU5vYktxUWM3RTdHekErY1ExaGY0CnhnWENISDRPajFKd1h2a091OVhxamVGbkVpSis4d2V4UkhDdWhpSWRPbGhKRkRkbkdrNmFNTlRuODlTVXc0R2MKQi84SkFvSUJBRENtVmgxaWE3ODR2Z3BoY2krK2dXTlphMVRhd0grNnVUVzc1QmZrTTI2VC9TSjNMU25xMitpegplMXVDbHEzc0FGLytCR09JSGJ5a0piMGh0bEZ5cGp5MWVJb1R6K00yYU5JOXFPcWZFSVhUcDJtZkNJRCtkZVhuCkhnWXdNUkt3eGdQYWYrd29KSnplK2RsdHJ2T2FPZllUSitKSDVTM2xMVVduZDFERk5ZMFNhdFdQYUJmQUM5RTIKeXdMR1I4SUxCQ1RMWk15cFF4dWxjdXpiMU0wNUdQdTN5emNqd0gxY241b1pHcjJBdzZVUlE5d0Q2c3ZwMUhUQQpuUHRzQjYrcU5NUk9EckZMVC9SRVptUlNXTms2OHQ3aXBjb3BaU1VtRUZZTlJiK2RkRXo5MDNVREFFZHJwc3NtCkNKbkNMSmRhenZIb0JOZVNEeTgzNGgwRitkN0crZEVDZ2dFQUxBbWpYME5DejlqeDBTTHc4Y1RpUmtvakliOGwKK2dLdUVrVUNGWXVISjNWYThiakJrQzNwajA2RUFkMEJ4MWZwZFRSU3lBcDBNREMwMjhwdmdXT1dNOEZhQWgvQQp3NzJhTlh0eGh1ZGY1MlVWeldTaHhWV1BIK2F4dDNoR2gyU3RtbVFUZDhXeU5aSEp2NjBTclJ6VUVQa2VFS25ZClpVWlFrL1dlUkJZeHlyV2ZOdE53dVZMUXg1c0Ivak95Vzk0eDVRUTJZSEtQRlR3cktWbWl2a1lZZ2E2NC9ScWsKMVhnRXZCcURSd1YwVnZqV09XTnNuNWx5MkdNUE4zK3lrQTQrZmg3eTQ5WnhVM3Bsdk9sY015bS93RXJoZFYyMgpQYlhEMEVDK1hERWN2c01ySFJ0cmpYRjBTbEl0TDRLVTBPN2NkN283d2t5eDdCaCs4RWF0dVdWTWhnPT0KLS0tLS1FTkQgUlNBIFBSSVZBVEUgS0VZLS0tLS0K",
                "cluster_ca_certificate": "LS0tLS1CRUdJTiBDRVJUSUZJQ0FURS0tLS0tCk1JSUU2RENDQXRDZ0F3SUJBZ0lRVUhRemtEU2UwU0xCL2U5UG1WcFk1akFOQmdrcWhraUc5dzBCQVFzRkFEQU4KTVFzd0NRWURWUVFERXdKallUQWdGdzB5TlRBeU1Ea3dPVEk1TkRsYUdBOHlNRFUxTURJd09UQTVNemswT1ZvdwpEVEVMTUFrR0ExVUVBeE1DWTJFd2dnSWlNQTBHQ1NxR1NJYjNEUUVCQVFVQUE0SUNEd0F3Z2dJS0FvSUNBUUM2CmFaYUtpSk5hVHNRTkY5M1M0NFR2N1prc25kSXZtcXlxR2xHNUo2djMvdFRDSHpCcitHYUJQV3dHQVBHbG1ScGIKTXpYYmZONStaQkFSNGQrSXF0NGs5a25sY1pDOVlKaGVnN1dvbmpuSy8ydjlYWllPc0cxbHExeEdsQkVXTWJhbApGSHhRZm9HeXBta2lnblEvSGVyREYzckFRanMwYWZBVy9zOUFkQm13SHNuWTBEZjRMWjdlckNjT3lNb3h1QXBjCndEemZyaGt0NmlwYjVXVFdnSlltc3NGZy96T3RBK3Z1MzhvWmJGNU5KWENvL3RkTzRPNlowM2dzdWd0ckNqUHQKQzYrejVNUkxzKyt0VmxqSHUwSVhldWlFdjdJRXFDS0J5WjYyY2dyT0hZSXRIRlloeWg2UlorU1N4cnRnM1NnRwpLb2N4OFZNa3owRmdVTUh3ZlNNd3l2THVxOEljZjRUdmNQRVhScGFtSi9mTThIZVlnSWlTSEgxRWpYTlRiVWlIClB5c1JVTGdyR0NoZ0dNeGZMTzhWSTRBbHNDYVVsZTVYWUZxcW9hNjVNdXA2dGRvZFdlK0t5TGFlVG5tcXozRlgKWkNrYVI4T1NMVmFxMkJzcXV4UEs1TVpiMldkQThCaXpwTFR6enJoQ1doUWdFYzBqdnNPNmJHalFBOWVwc3NpaApVTzJ4bm9aV24xemVvMVBPMUw2OXFlNnhBSkROY0lVOVlidlM1RFh1YytOYlNxRWlScmtlcEFxekNORThMRXBDClZ3RXpQL0RmeVVsMVdyVEhoU1l6WHBpeWlqcXJuWk54cmJJK01yUXlPdWsraElQakxpVmsvbFpHdWVsWkN3Sk0KS2M0dXRuYTc4SzkvOTROcXNJTnJWZ1QyRmNRNi8rNERTd1piN0JKT0V3SURBUUFCbzBJd1FEQU9CZ05WSFE4QgpBZjhFQkFNQ0FxUXdEd1lEVlIwVEFRSC9CQVV3QXdFQi96QWRCZ05WSFE0RUZnUVVjTUJsQXZJbDN6NXBxVElhCjRjR25TV1hnZmU0d0RRWUpLb1pJaHZjTkFRRUxCUUFEZ2dJQkFEZGNkZmhZc2puVnVNK3FWbmZSZzFXUU1MaGQKRmVYbWkwYzJtb0MxQ2lhSVRZWFhqZDVTQUlyMVpZcWV1L29hcHh6Q3pMRVRkc2lrS1hhSzlvbGZla25IK3JNaApocXBRbnBKcEZ2WDloQTE1ZnR2UFAzQWZLRjhweHVqc3l0SzhERnZLUmFYNWI0Nmc3WjZHeDFtYkY1MkdlNThEClhOeG9PN2x2VTRJUDdCQStvY0Z4ZzBpa0ZvL3RLL3lNbTBTcHZXVGVCbFhNQUpkaU5pOEdGeE1OTGdIL0o3eDkKMXNVTFdCOEtQM3lpNXl2SmhGWm43dnVpZEIzTjNoejMwc08wRTNrNWhNOCt1MW1xandsUHZ6b2t2dC95eUhLUQphd2RJMXFxTytxazNPSGJ6dnFkVkJ2Rk9VQnRuQnExaDNmbng2S1AyYWdSRFJycHJrRDZTbGlXZERCK1Mra3NECmZQNy95QWI5amhJZ013L1dBLzM5L2k5b3M1a0ZUS2UxeGIwbDFIbjhPKzMwWDNkNWpxMXRwcitYYko4LzFiLzYKWmN4bm1HMHVJZ3FnT2RoeHB4Z3ZMSVNsQ0txTUkwRFZCNlhsNkNDdEdnRGwyaVlNYXovL2xXMVlGakFsVXNyNgo5WFFsaVVPVDVSWHlUT0lpUkNZQXhsWDljSlMxOEIvMUpaU1UyTFFOVFV0VHVLU3RMYjQ0Sm9pbXFseG83bmNSCjJyNE1rL1JVNzgydzRsYitYN2FBcGFmbkdIbmdla2JET3dkRkFyalp2Z0toY3NwWmRVTHMyVVcrakkxcjAzbkEKZzdKODljRUNKWldpa3pKUzVNMFlDVG1RQmZpejFwTmRjVEs0N2Myd29kSnMyN3ZFbVZZYmdid1lVUTBCWGtUQQoyNG5MdmdRN3lvTFpYOUp3Ci0tLS0tRU5EIENFUlRJRklDQVRFLS0tLS0K",
                "host": "https://akscluster-n3wvgfzc.hcp.westeurope.azmk8s.io:443",
                "password": "r97ch670gne2v71bq8z5hgcjo1v2xenl2fbyo6zn1in9p6z12xmqjva520pl2lisqcavn0poealo1ppvzk9e75h20naxapmq89y3rftu9tz4894y4dhxipto8a8uyspq",
                "username": "clusterAdmin_Erez1-Candidate_aks-cluster"
              }
            ],
            "kube_admin_config_raw": "apiVersion: v1\nclusters:\n- cluster:\n    certificate-authority-data: LS0tLS1CRUdJTiBDRVJUSUZJQ0FURS0tLS0tCk1JSUU2RENDQXRDZ0F3SUJBZ0lRVUhRemtEU2UwU0xCL2U5UG1WcFk1akFOQmdrcWhraUc5dzBCQVFzRkFEQU4KTVFzd0NRWURWUVFERXdKallUQWdGdzB5TlRBeU1Ea3dPVEk1TkRsYUdBOHlNRFUxTURJd09UQTVNemswT1ZvdwpEVEVMTUFrR0ExVUVBeE1DWTJFd2dnSWlNQTBHQ1NxR1NJYjNEUUVCQVFVQUE0SUNEd0F3Z2dJS0FvSUNBUUM2CmFaYUtpSk5hVHNRTkY5M1M0NFR2N1prc25kSXZtcXlxR2xHNUo2djMvdFRDSHpCcitHYUJQV3dHQVBHbG1ScGIKTXpYYmZONStaQkFSNGQrSXF0NGs5a25sY1pDOVlKaGVnN1dvbmpuSy8ydjlYWllPc0cxbHExeEdsQkVXTWJhbApGSHhRZm9HeXBta2lnblEvSGVyREYzckFRanMwYWZBVy9zOUFkQm13SHNuWTBEZjRMWjdlckNjT3lNb3h1QXBjCndEemZyaGt0NmlwYjVXVFdnSlltc3NGZy96T3RBK3Z1MzhvWmJGNU5KWENvL3RkTzRPNlowM2dzdWd0ckNqUHQKQzYrejVNUkxzKyt0VmxqSHUwSVhldWlFdjdJRXFDS0J5WjYyY2dyT0hZSXRIRlloeWg2UlorU1N4cnRnM1NnRwpLb2N4OFZNa3owRmdVTUh3ZlNNd3l2THVxOEljZjRUdmNQRVhScGFtSi9mTThIZVlnSWlTSEgxRWpYTlRiVWlIClB5c1JVTGdyR0NoZ0dNeGZMTzhWSTRBbHNDYVVsZTVYWUZxcW9hNjVNdXA2dGRvZFdlK0t5TGFlVG5tcXozRlgKWkNrYVI4T1NMVmFxMkJzcXV4UEs1TVpiMldkQThCaXpwTFR6enJoQ1doUWdFYzBqdnNPNmJHalFBOWVwc3NpaApVTzJ4bm9aV24xemVvMVBPMUw2OXFlNnhBSkROY0lVOVlidlM1RFh1YytOYlNxRWlScmtlcEFxekNORThMRXBDClZ3RXpQL0RmeVVsMVdyVEhoU1l6WHBpeWlqcXJuWk54cmJJK01yUXlPdWsraElQakxpVmsvbFpHdWVsWkN3Sk0KS2M0dXRuYTc4SzkvOTROcXNJTnJWZ1QyRmNRNi8rNERTd1piN0JKT0V3SURBUUFCbzBJd1FEQU9CZ05WSFE4QgpBZjhFQkFNQ0FxUXdEd1lEVlIwVEFRSC9CQVV3QXdFQi96QWRCZ05WSFE0RUZnUVVjTUJsQXZJbDN6NXBxVElhCjRjR25TV1hnZmU0d0RRWUpLb1pJaHZjTkFRRUxCUUFEZ2dJQkFEZGNkZmhZc2puVnVNK3FWbmZSZzFXUU1MaGQKRmVYbWkwYzJtb0MxQ2lhSVRZWFhqZDVTQUlyMVpZcWV1L29hcHh6Q3pMRVRkc2lrS1hhSzlvbGZla25IK3JNaApocXBRbnBKcEZ2WDloQTE1ZnR2UFAzQWZLRjhweHVqc3l0SzhERnZLUmFYNWI0Nmc3WjZHeDFtYkY1MkdlNThEClhOeG9PN2x2VTRJUDdCQStvY0Z4ZzBpa0ZvL3RLL3lNbTBTcHZXVGVCbFhNQUpkaU5pOEdGeE1OTGdIL0o3eDkKMXNVTFdCOEtQM3lpNXl2SmhGWm43dnVpZEIzTjNoejMwc08wRTNrNWhNOCt1MW1xandsUHZ6b2t2dC95eUhLUQphd2RJMXFxTytxazNPSGJ6dnFkVkJ2Rk9VQnRuQnExaDNmbng2S1AyYWdSRFJycHJrRDZTbGlXZERCK1Mra3NECmZQNy95QWI5amhJZ013L1dBLzM5L2k5b3M1a0ZUS2UxeGIwbDFIbjhPKzMwWDNkNWpxMXRwcitYYko4LzFiLzYKWmN4bm1HMHVJZ3FnT2RoeHB4Z3ZMSVNsQ0txTUkwRFZCNlhsNkNDdEdnRGwyaVlNYXovL2xXMVlGakFsVXNyNgo5WFFsaVVPVDVSWHlUT0lpUkNZQXhsWDljSlMxOEIvMUpaU1UyTFFOVFV0VHVLU3RMYjQ0Sm9pbXFseG83bmNSCjJyNE1rL1JVNzgydzRsYitYN2FBcGFmbkdIbmdla2JET3dkRkFyalp2Z0toY3NwWmRVTHMyVVcrakkxcjAzbkEKZzdKODljRUNKWldpa3pKUzVNMFlDVG1RQmZpejFwTmRjVEs0N2Myd29kSnMyN3ZFbVZZYmdid1lVUTBCWGtUQQoyNG5MdmdRN3lvTFpYOUp3Ci0tLS0tRU5EIENFUlRJRklDQVRFLS0tLS0K\n    server: https://akscluster-n3wvgfzc.hcp.westeurope.azmk8s.io:443\n  name: aks-cluster\ncontexts:\n- context:\n    cluster: aks-cluster\n    user: clusterAdmin_Erez1-Candidate_aks-cluster\n  name: aks-cluster\ncurrent-context: aks-cluster\nkind: Config\npreferences: {}\nusers:\n- name: clusterAdmin_Erez1-Candidate_aks-cluster\n  user:\n    client-certificate-data: LS0tLS1CRUdJTiBDRVJUSUZJQ0FURS0tLS0tCk1JSUZIakNDQXdhZ0F3SUJBZ0lSQUsrc05MVm8xem1UdHZGZ3FwZ0N4VU13RFFZSktvWklodmNOQVFFTEJRQXcKRFRFTE1Ba0dBMVVFQXhNQ1kyRXdIaGNOTWpVd01qQTVNRGt5T1RRNVdoY05NamN3TWpBNU1Ea3pPVFE1V2pBdwpNUmN3RlFZRFZRUUtFdzV6ZVhOMFpXMDZiV0Z6ZEdWeWN6RVZNQk1HQTFVRUF4TU1iV0Z6ZEdWeVkyeHBaVzUwCk1JSUNJakFOQmdrcWhraUc5dzBCQVFFRkFBT0NBZzhBTUlJQ0NnS0NBZ0VBbzVOQlc4bi81ZjMyZ3ZraUUya2gKRzJKS0pzS3NJYVQ2dHhHSHFsZjB6Z0NzeUZIdmNzVUFQcUhXYXNFWTV6ejA1eW5ueGFiY285MUZHWitFOXVWcwp4RjhFcmpWTXlmVUxraVhaWGFxVWFpNnJOU0k5eXJHaG1JU3ZxcGlTT1BCRFNlOVc5ekVkYVdjS1BwblJzL3cyCm45b2JVM1pVTmNwSmo1amduUER0b3BETk9JZm5TQXFYekFiMzEvUnpZSVdWK0haSWV1aEVWYnZLRnI4WVI0ZFcKZjRxMkgrbHFWRDBGdnVIalkzM3VMMFpmdVRiRHFCZitTVVdUVHFza0t4QW1lRmJtTjNvQkp4ME9mVklheXZERwpjZGR3Z0piWFRCeTdjcnJZQWdmWlNxT3RvYXBaNjRMc0lSWXlRZTY0azY5N01RbVQraitDekdXWjNXMnBqTk1ZClZXQ2hGaTNIVllTVTQxZHBxcDRtZVNJL3V5UENoZFloZ3IxdDd4NnZwZU9uVUlCb1JhQzFQUisvU1VPRXA2T0IKTnpwbGlqK1hPb0VHK3hDKzliR21EcFI2c0pYLzF5aVd3b2IxNEpncEFZVGIwZTZHSklvampHMWtPVkRNWHFkcQpYdVo4Q3VOQUNkMmhDTkVyVkpzbDl2U2EwUkVsVUp0bGFmQXNHUC9KRXRGQk1qdnZlYWN1UWFKbXRKRHl4bEg0CjFNYytwOWhLSThDaXQ4bjBGRGVIaGRTZDFPSXZlaVp1RzkwZW1aWmltT1VwSnExRVd1bkRLU29WZ3JDY3A3QUMKZG1lcTJjTDBMR01DWGdtaVVFbnNjdnRYVW91L3ZOeUVzZ1ZLcFpYeTREbkdBYUY1ZXh6eGVBTlFQSDhVM0ZnQwo0V3pxSm1YQ0lsdHk4RGhjSDlneVNCMENBd0VBQWFOV01GUXdEZ1lEVlIwUEFRSC9CQVFEQWdXZ01CTUdBMVVkCkpRUU1NQW9HQ0NzR0FRVUZCd01DTUF3R0ExVWRFd0VCL3dRQ01BQXdId1lEVlIwakJCZ3dGb0FVY01CbEF2SWwKM3o1cHFUSWE0Y0duU1dYZ2ZlNHdEUVlKS29aSWh2Y05BUUVMQlFBRGdnSUJBQnIzcDJrbUk3dHN3aFBMUG9aZApmMW5BTVJqQ2FoN0dvalFjQUY2cFJZQjVZY1M3SXE3bzhvTldMYittTjRYWDhwRnR1QXRrK3MvY0JtWXh0YVdnCjk2aGRmZzFZdWxNU0JsYWtFejYzUjhHQjNtQVd0bjUyZ3V1US9HNVNxRnJOTmhSMzdJQmZOS2V5S2VFNHRXbHkKU05BWjBjVlA4M2lxdlVmZGhaaDliSER1RHlMRnI2eDlDSGFCYzRZK240RTV2RnNpUDJBMmZHTlJ6ZUgxTWJpTgovQ3poUGh2YzFla2VxQitqdWtwZU9xYm9JOW5XM1FnaHI3QXVYWFRnOG8wUXJZY1drM0w1QUl4REVzam1sRmR0Ck0yNFlvTUNTUTZHU1lYNUxxN0RhanVNT3BvaktCTEpENGR1aTFWaGRYd0FGdlQxdkwxZ3BLN05xWkN2WENobHgKZEJEZ21JTUFScGp4amRpNkxiVUQ2L1IwTlR4TFNZb1VqdnJoMnVIUlZmZU9aUWVRV2dyWWJyVFE0Y01yWHdUTAprcU5hMGIrODRNb1ZpNk1YK3ZpR0pSVGpoT0YwV0tGSEpBdVZHQlhZMlRFOW9kTllGOEpZNFhRSWFJY05uQU5wCjVyUldkVFArSkhDN1NIMEhvOVl6VktXbHk0a1FsTnVRVDBJamF3QnV4eVNMR2hFSjhyQnpUU2x1WVlsRlA3a0wKczd1aFdiMVVjL0NwMEphcTNyZ1VzUiswYzY1Z3BIM2lPTy9zZVVaWU9LZjQ1THQybERLRE4wY3BISU9xWW1JcwpZYjRDeWE0TVBad3BsNE5yYXNFZHRXeDQ1NzQyRzBJMmYycEFNZENWcTVvV1h1MmVPQm11Skx5cDFZUS8rOXFDCk1DamhJcHlOU1NvZ2M2NGlKUGxsbmNNSAotLS0tLUVORCBDRVJUSUZJQ0FURS0tLS0tCg==\n    client-key-data: LS0tLS1CRUdJTiBSU0EgUFJJVkFURSBLRVktLS0tLQpNSUlKSndJQkFBS0NBZ0VBbzVOQlc4bi81ZjMyZ3ZraUUya2hHMkpLSnNLc0lhVDZ0eEdIcWxmMHpnQ3N5Rkh2CmNzVUFQcUhXYXNFWTV6ejA1eW5ueGFiY285MUZHWitFOXVWc3hGOEVyalZNeWZVTGtpWFpYYXFVYWk2ck5TSTkKeXJHaG1JU3ZxcGlTT1BCRFNlOVc5ekVkYVdjS1BwblJzL3cybjlvYlUzWlVOY3BKajVqZ25QRHRvcEROT0lmbgpTQXFYekFiMzEvUnpZSVdWK0haSWV1aEVWYnZLRnI4WVI0ZFdmNHEySCtscVZEMEZ2dUhqWTMzdUwwWmZ1VGJECnFCZitTVVdUVHFza0t4QW1lRmJtTjNvQkp4ME9mVklheXZER2NkZHdnSmJYVEJ5N2NycllBZ2ZaU3FPdG9hcFoKNjRMc0lSWXlRZTY0azY5N01RbVQraitDekdXWjNXMnBqTk1ZVldDaEZpM0hWWVNVNDFkcHFwNG1lU0kvdXlQQwpoZFloZ3IxdDd4NnZwZU9uVUlCb1JhQzFQUisvU1VPRXA2T0JOenBsaWorWE9vRUcreEMrOWJHbURwUjZzSlgvCjF5aVd3b2IxNEpncEFZVGIwZTZHSklvampHMWtPVkRNWHFkcVh1WjhDdU5BQ2QyaENORXJWSnNsOXZTYTBSRWwKVUp0bGFmQXNHUC9KRXRGQk1qdnZlYWN1UWFKbXRKRHl4bEg0MU1jK3A5aEtJOENpdDhuMEZEZUhoZFNkMU9JdgplaVp1RzkwZW1aWmltT1VwSnExRVd1bkRLU29WZ3JDY3A3QUNkbWVxMmNMMExHTUNYZ21pVUVuc2N2dFhVb3UvCnZOeUVzZ1ZLcFpYeTREbkdBYUY1ZXh6eGVBTlFQSDhVM0ZnQzRXenFKbVhDSWx0eThEaGNIOWd5U0IwQ0F3RUEKQVFLQ0FnQmMza1hGTHpJeUNiWGpOajY2ZG4xdFpxaGl5VE9oQm1HeGZpcGY4Ly93MVVGRG1nRXdUOWlMdHFaZApoYlAxMVEzV0VGeWVRdFlSMHBaZ3JjaDN4Rm0wUTU0TXFnWW13eEVHc0tad0gyQ1R5RnM3bDIwdG54djMwNTFJClpjYmV2TW4zT0FOUDVIcW1WUEhrQ01DZVJ4dGNOaUE5aW5qVThUeENZckZqYVFZQnZlUkZyQ01MSzdoekJhSEEKNGZCL1pGaDQ3KzdHbVFmekJPTC9kdzc1elVTMnRMSWgvQXQ2T0FzRERJeGsrQ0k2aE9IajdjdTNxNmViUWYwWQpOT0liOE5kbWl5KzVYM000R2E4WVIzMGVxd1IvcmFrWjJJbnpsSHgzN3N5a21vQXJlRElrRHV0dVlxNWRPcFRlCkNnS1JGcGdDaDBXVVZtcVVVVHJDRkhpbWsxTEVmWnJiQkhVdkFVbUU3NHdVQkhadlFnS0llakhFb0RXZWxCTE4KQ1pXYnFuVWJONWVyUitzR1p0YytGN0hibFl0cnhTSWpyeXk4VTFUMkFzL2JMWG81TFNldTBISitRd3d4SldCUwpJVVJZT1hoVFM1WmJCVDNwSVJoNDRtOUw0VGFBT0gvVDhtMzBjaGdFMzVMMTBKcHpVM0xYQVF6c1VRMzM3bDFCCm4xUUJRc0VrQml5UStjTGdlaTlIa0dnaFlUenphdW1WbXg0UnNBK0hZQkdzMXR0YVlkSVlGekNvWmVPblNxcUUKOFZsL3A4UXFEUDRhUklEN09vYWc1Q09EYjZmZTkxbTNBdTdLdUVwL1IxTzhKeDBKV1lVTGVhS0psZlhhMmM0aQpKb3ZuZXBTN2ZMcXNQelczTXF3M29IbXpWYVY0MWtlT2EzTHZUT3pMWi9ra01sb0xBUUtDQVFFQXdjYXFMRmFNCkVNOXVIeUFHVGtFdHZ6NjFSVm1ZK2dHbWgyaTNEUDY5eUVBaEZBL3kyUTZhVittbTRLN09ZTHRKMlovckdPSU0KUlZsYzhlT3ZRNHRjTHo1UUFiL0VGMThNQnF5eFNGdkJaWXVEUTFUeFdXYVltZTdqUGVHM25rZEVOOWdlbUNodQpjSk95cDNiR085QXdLZHlHbnJFNFZ5ZlgvZTRFU3lUa3BIenkvc2lWYjQwdVM4K24zZVNoYlpXYkcxNmw4VEhoClVmZUtjSlFtUzYyeEdXd0huem9GRnUwYjU5YWZValJybFFWRFhUZmtFQWx5WmNQTXh0WkdodEk1T2Z4VFlLK2MKSlVrK1YwNVI5NDRZWmVlYklhbjB5aWpTbE5zbGJrTllCdWtaWnhuMXRaUnFHTE84bCtnTmpzUGZxTHVHajc0bApENGhIR3cweDhHc3JsUUtDQVFFQTJCbnZuWmZYeGc0dU5WME1EL21pWjZ1VXE0a2lCRW9rQjNJSGZmQzRIQ3NZCmNEdXVpYUZkQjViYVFzMGhKbExGUDZhdXVCSVJPYjR0RU9QOFRwVkkxRTMybjF3Wmhpb3k0cFNtazUrNGRZRnQKVE5iR2tXS2p6VWhhZFE0Y2I4WWc2S2Q0WEFnMEFIcUwveWkyYXh5NTN4OFh1Z2s0c3o2TjErV1MxSWJrM2hoYwpCOC91VzBVVng4SUdlMXJjT2pXZVdCRVo3SGF0cXJZR041SmVlbmFVOVFOSE9jTDhsWEsxVlRUdmo4Ti9zNzFqCktzakVqVC8yaVUwc2RGY1djbnRGUm1RUWdkSnNNZWlFazIzSXZ4RjFBNGdDdUlpVHF4cWtmZHZuN3BERzlQZUIKZEdabEJySkZMUVgveWNZRXJUbG5Mc3V1Z3ZLdjlxNytMUzhrTlMzSWFRS0NBUUE0ZDhZN2FYVWpxTzcwVHdiSApZeU1McWlCMDl5a25JYmYvbWJwT0pTWDA1d3M4cDNFalk2Z0NtbW93NjMva25HOW01YjFDNFF5bVlPWSs3eFN4CjREaWE0OU80enNNNzlFeXkzVHhFVThqRjZLUDF5UmtUN2x2bDc4RjAxUVFITWNsbFpLdDF0OEtITitORi9jekMKdldacnJJSG1XTXFNUzJZYjczSjgyMkZ0dGFPeUw0MnNsajI1aGVmck42YjdJaSt6Q0IvZmE2TzNtU1ZVclRlRApzamY3cW9tR0V3aE1xQWdMeFhWa0pUWjhsSzRPeWl6QnA1OFluTGhkOFM5WU5vYktxUWM3RTdHekErY1ExaGY0CnhnWENISDRPajFKd1h2a091OVhxamVGbkVpSis4d2V4UkhDdWhpSWRPbGhKRkRkbkdrNmFNTlRuODlTVXc0R2MKQi84SkFvSUJBRENtVmgxaWE3ODR2Z3BoY2krK2dXTlphMVRhd0grNnVUVzc1QmZrTTI2VC9TSjNMU25xMitpegplMXVDbHEzc0FGLytCR09JSGJ5a0piMGh0bEZ5cGp5MWVJb1R6K00yYU5JOXFPcWZFSVhUcDJtZkNJRCtkZVhuCkhnWXdNUkt3eGdQYWYrd29KSnplK2RsdHJ2T2FPZllUSitKSDVTM2xMVVduZDFERk5ZMFNhdFdQYUJmQUM5RTIKeXdMR1I4SUxCQ1RMWk15cFF4dWxjdXpiMU0wNUdQdTN5emNqd0gxY241b1pHcjJBdzZVUlE5d0Q2c3ZwMUhUQQpuUHRzQjYrcU5NUk9EckZMVC9SRVptUlNXTms2OHQ3aXBjb3BaU1VtRUZZTlJiK2RkRXo5MDNVREFFZHJwc3NtCkNKbkNMSmRhenZIb0JOZVNEeTgzNGgwRitkN0crZEVDZ2dFQUxBbWpYME5DejlqeDBTTHc4Y1RpUmtvakliOGwKK2dLdUVrVUNGWXVISjNWYThiakJrQzNwajA2RUFkMEJ4MWZwZFRSU3lBcDBNREMwMjhwdmdXT1dNOEZhQWgvQQp3NzJhTlh0eGh1ZGY1MlVWeldTaHhWV1BIK2F4dDNoR2gyU3RtbVFUZDhXeU5aSEp2NjBTclJ6VUVQa2VFS25ZClpVWlFrL1dlUkJZeHlyV2ZOdE53dVZMUXg1c0Ivak95Vzk0eDVRUTJZSEtQRlR3cktWbWl2a1lZZ2E2NC9ScWsKMVhnRXZCcURSd1YwVnZqV09XTnNuNWx5MkdNUE4zK3lrQTQrZmg3eTQ5WnhVM3Bsdk9sY015bS93RXJoZFYyMgpQYlhEMEVDK1hERWN2c01ySFJ0cmpYRjBTbEl0TDRLVTBPN2NkN283d2t5eDdCaCs4RWF0dVdWTWhnPT0KLS0tLS1FTkQgUlNBIFBSSVZBVEUgS0VZLS0tLS0K\n    token: r97ch670gne2v71bq8z5hgcjo1v2xenl2fbyo6zn1in9p6z12xmqjva520pl2lisqcavn0poealo1ppvzk9e75h20naxapmq89y3rftu9tz4894y4dhxipto8a8uyspq\n",
            "kube_config": [
              {
                "client_certificate": "",
                "client_key": "",
                "cluster_ca_certificate": "LS0tLS1CRUdJTiBDRVJUSUZJQ0FURS0tLS0tCk1JSUU2RENDQXRDZ0F3SUJBZ0lRVUhRemtEU2UwU0xCL2U5UG1WcFk1akFOQmdrcWhraUc5dzBCQVFzRkFEQU4KTVFzd0NRWURWUVFERXdKallUQWdGdzB5TlRBeU1Ea3dPVEk1TkRsYUdBOHlNRFUxTURJd09UQTVNemswT1ZvdwpEVEVMTUFrR0ExVUVBeE1DWTJFd2dnSWlNQTBHQ1NxR1NJYjNEUUVCQVFVQUE0SUNEd0F3Z2dJS0FvSUNBUUM2CmFaYUtpSk5hVHNRTkY5M1M0NFR2N1prc25kSXZtcXlxR2xHNUo2djMvdFRDSHpCcitHYUJQV3dHQVBHbG1ScGIKTXpYYmZONStaQkFSNGQrSXF0NGs5a25sY1pDOVlKaGVnN1dvbmpuSy8ydjlYWllPc0cxbHExeEdsQkVXTWJhbApGSHhRZm9HeXBta2lnblEvSGVyREYzckFRanMwYWZBVy9zOUFkQm13SHNuWTBEZjRMWjdlckNjT3lNb3h1QXBjCndEemZyaGt0NmlwYjVXVFdnSlltc3NGZy96T3RBK3Z1MzhvWmJGNU5KWENvL3RkTzRPNlowM2dzdWd0ckNqUHQKQzYrejVNUkxzKyt0VmxqSHUwSVhldWlFdjdJRXFDS0J5WjYyY2dyT0hZSXRIRlloeWg2UlorU1N4cnRnM1NnRwpLb2N4OFZNa3owRmdVTUh3ZlNNd3l2THVxOEljZjRUdmNQRVhScGFtSi9mTThIZVlnSWlTSEgxRWpYTlRiVWlIClB5c1JVTGdyR0NoZ0dNeGZMTzhWSTRBbHNDYVVsZTVYWUZxcW9hNjVNdXA2dGRvZFdlK0t5TGFlVG5tcXozRlgKWkNrYVI4T1NMVmFxMkJzcXV4UEs1TVpiMldkQThCaXpwTFR6enJoQ1doUWdFYzBqdnNPNmJHalFBOWVwc3NpaApVTzJ4bm9aV24xemVvMVBPMUw2OXFlNnhBSkROY0lVOVlidlM1RFh1YytOYlNxRWlScmtlcEFxekNORThMRXBDClZ3RXpQL0RmeVVsMVdyVEhoU1l6WHBpeWlqcXJuWk54cmJJK01yUXlPdWsraElQakxpVmsvbFpHdWVsWkN3Sk0KS2M0dXRuYTc4SzkvOTROcXNJTnJWZ1QyRmNRNi8rNERTd1piN0JKT0V3SURBUUFCbzBJd1FEQU9CZ05WSFE4QgpBZjhFQkFNQ0FxUXdEd1lEVlIwVEFRSC9CQVV3QXdFQi96QWRCZ05WSFE0RUZnUVVjTUJsQXZJbDN6NXBxVElhCjRjR25TV1hnZmU0d0RRWUpLb1pJaHZjTkFRRUxCUUFEZ2dJQkFEZGNkZmhZc2puVnVNK3FWbmZSZzFXUU1MaGQKRmVYbWkwYzJtb0MxQ2lhSVRZWFhqZDVTQUlyMVpZcWV1L29hcHh6Q3pMRVRkc2lrS1hhSzlvbGZla25IK3JNaApocXBRbnBKcEZ2WDloQTE1ZnR2UFAzQWZLRjhweHVqc3l0SzhERnZLUmFYNWI0Nmc3WjZHeDFtYkY1MkdlNThEClhOeG9PN2x2VTRJUDdCQStvY0Z4ZzBpa0ZvL3RLL3lNbTBTcHZXVGVCbFhNQUpkaU5pOEdGeE1OTGdIL0o3eDkKMXNVTFdCOEtQM3lpNXl2SmhGWm43dnVpZEIzTjNoejMwc08wRTNrNWhNOCt1MW1xandsUHZ6b2t2dC95eUhLUQphd2RJMXFxTytxazNPSGJ6dnFkVkJ2Rk9VQnRuQnExaDNmbng2S1AyYWdSRFJycHJrRDZTbGlXZERCK1Mra3NECmZQNy95QWI5amhJZ013L1dBLzM5L2k5b3M1a0ZUS2UxeGIwbDFIbjhPKzMwWDNkNWpxMXRwcitYYko4LzFiLzYKWmN4bm1HMHVJZ3FnT2RoeHB4Z3ZMSVNsQ0txTUkwRFZCNlhsNkNDdEdnRGwyaVlNYXovL2xXMVlGakFsVXNyNgo5WFFsaVVPVDVSWHlUT0lpUkNZQXhsWDljSlMxOEIvMUpaU1UyTFFOVFV0VHVLU3RMYjQ0Sm9pbXFseG83bmNSCjJyNE1rL1JVNzgydzRsYitYN2FBcGFmbkdIbmdla2JET3dkRkFyalp2Z0toY3NwWmRVTHMyVVcrakkxcjAzbkEKZzdKODljRUNKWldpa3pKUzVNMFlDVG1RQmZpejFwTmRjVEs0N2Myd29kSnMyN3ZFbVZZYmdid1lVUTBCWGtUQQoyNG5MdmdRN3lvTFpYOUp3Ci0tLS0tRU5EIENFUlRJRklDQVRFLS0tLS0K",
                "host": "https://akscluster-n3wvgfzc.hcp.westeurope.azmk8s.io:443",
                "password": "",
                "username": "clusterUser_Erez1-Candidate_aks-cluster"
              }
            ],
            "kube_config_raw": "apiVersion: v1\nclusters:\n- cluster:\n    certificate-authority-data: LS0tLS1CRUdJTiBDRVJUSUZJQ0FURS0tLS0tCk1JSUU2RENDQXRDZ0F3SUJBZ0lRVUhRemtEU2UwU0xCL2U5UG1WcFk1akFOQmdrcWhraUc5dzBCQVFzRkFEQU4KTVFzd0NRWURWUVFERXdKallUQWdGdzB5TlRBeU1Ea3dPVEk1TkRsYUdBOHlNRFUxTURJd09UQTVNemswT1ZvdwpEVEVMTUFrR0ExVUVBeE1DWTJFd2dnSWlNQTBHQ1NxR1NJYjNEUUVCQVFVQUE0SUNEd0F3Z2dJS0FvSUNBUUM2CmFaYUtpSk5hVHNRTkY5M1M0NFR2N1prc25kSXZtcXlxR2xHNUo2djMvdFRDSHpCcitHYUJQV3dHQVBHbG1ScGIKTXpYYmZONStaQkFSNGQrSXF0NGs5a25sY1pDOVlKaGVnN1dvbmpuSy8ydjlYWllPc0cxbHExeEdsQkVXTWJhbApGSHhRZm9HeXBta2lnblEvSGVyREYzckFRanMwYWZBVy9zOUFkQm13SHNuWTBEZjRMWjdlckNjT3lNb3h1QXBjCndEemZyaGt0NmlwYjVXVFdnSlltc3NGZy96T3RBK3Z1MzhvWmJGNU5KWENvL3RkTzRPNlowM2dzdWd0ckNqUHQKQzYrejVNUkxzKyt0VmxqSHUwSVhldWlFdjdJRXFDS0J5WjYyY2dyT0hZSXRIRlloeWg2UlorU1N4cnRnM1NnRwpLb2N4OFZNa3owRmdVTUh3ZlNNd3l2THVxOEljZjRUdmNQRVhScGFtSi9mTThIZVlnSWlTSEgxRWpYTlRiVWlIClB5c1JVTGdyR0NoZ0dNeGZMTzhWSTRBbHNDYVVsZTVYWUZxcW9hNjVNdXA2dGRvZFdlK0t5TGFlVG5tcXozRlgKWkNrYVI4T1NMVmFxMkJzcXV4UEs1TVpiMldkQThCaXpwTFR6enJoQ1doUWdFYzBqdnNPNmJHalFBOWVwc3NpaApVTzJ4bm9aV24xemVvMVBPMUw2OXFlNnhBSkROY0lVOVlidlM1RFh1YytOYlNxRWlScmtlcEFxekNORThMRXBDClZ3RXpQL0RmeVVsMVdyVEhoU1l6WHBpeWlqcXJuWk54cmJJK01yUXlPdWsraElQakxpVmsvbFpHdWVsWkN3Sk0KS2M0dXRuYTc4SzkvOTROcXNJTnJWZ1QyRmNRNi8rNERTd1piN0JKT0V3SURBUUFCbzBJd1FEQU9CZ05WSFE4QgpBZjhFQkFNQ0FxUXdEd1lEVlIwVEFRSC9CQVV3QXdFQi96QWRCZ05WSFE0RUZnUVVjTUJsQXZJbDN6NXBxVElhCjRjR25TV1hnZmU0d0RRWUpLb1pJaHZjTkFRRUxCUUFEZ2dJQkFEZGNkZmhZc2puVnVNK3FWbmZSZzFXUU1MaGQKRmVYbWkwYzJtb0MxQ2lhSVRZWFhqZDVTQUlyMVpZcWV1L29hcHh6Q3pMRVRkc2lrS1hhSzlvbGZla25IK3JNaApocXBRbnBKcEZ2WDloQTE1ZnR2UFAzQWZLRjhweHVqc3l0SzhERnZLUmFYNWI0Nmc3WjZHeDFtYkY1MkdlNThEClhOeG9PN2x2VTRJUDdCQStvY0Z4ZzBpa0ZvL3RLL3lNbTBTcHZXVGVCbFhNQUpkaU5pOEdGeE1OTGdIL0o3eDkKMXNVTFdCOEtQM3lpNXl2SmhGWm43dnVpZEIzTjNoejMwc08wRTNrNWhNOCt1MW1xandsUHZ6b2t2dC95eUhLUQphd2RJMXFxTytxazNPSGJ6dnFkVkJ2Rk9VQnRuQnExaDNmbng2S1AyYWdSRFJycHJrRDZTbGlXZERCK1Mra3NECmZQNy95QWI5amhJZ013L1dBLzM5L2k5b3M1a0ZUS2UxeGIwbDFIbjhPKzMwWDNkNWpxMXRwcitYYko4LzFiLzYKWmN4bm1HMHVJZ3FnT2RoeHB4Z3ZMSVNsQ0txTUkwRFZCNlhsNkNDdEdnRGwyaVlNYXovL2xXMVlGakFsVXNyNgo5WFFsaVVPVDVSWHlUT0lpUkNZQXhsWDljSlMxOEIvMUpaU1UyTFFOVFV0VHVLU3RMYjQ0Sm9pbXFseG83bmNSCjJyNE1rL1JVNzgydzRsYitYN2FBcGFmbkdIbmdla2JET3dkRkFyalp2Z0toY3NwWmRVTHMyVVcrakkxcjAzbkEKZzdKODljRUNKWldpa3pKUzVNMFlDVG1RQmZpejFwTmRjVEs0N2Myd29kSnMyN3ZFbVZZYmdid1lVUTBCWGtUQQoyNG5MdmdRN3lvTFpYOUp3Ci0tLS0tRU5EIENFUlRJRklDQVRFLS0tLS0K\n    server: https://akscluster-n3wvgfzc.hcp.westeurope.azmk8s.io:443\n  name: aks-cluster\ncontexts:\n- context:\n    cluster: aks-cluster\n    user: clusterUser_Erez1-Candidate_aks-cluster\n  name: aks-cluster\ncurrent-context: aks-cluster\nkind: Config\npreferences: {}\nusers:\n- name: clusterUser_Erez1-Candidate_aks-cluster\n  user:\n    exec:\n      apiVersion: client.authentication.k8s.io/v1beta1\n      args:\n      - get-token\n      - --environment\n      - AzurePublicCloud\n      - --server-id\n      - 6dae42f8-4368-4678-94ff-3960e28e3630\n      - --client-id\n      - 80faf920-1908-4b52-b5ef-a8e7bedfc67a\n      - --tenant-id\n      - bd4f0481-b137-40f1-9e64-20cfd55fbf49\n      - --login\n      - devicecode\n      command: kubelogin\n      env: null\n      installHint: |2\n\n        kubelogin is not installed which is required to connect to AAD enabled cluster.\n\n        To learn more, please go to https://aka.ms/aks/kubelogin\n      provideClusterInfo: false\n",
            "kubelet_identity": [
              {
                "client_id": "d8d9e66f-364e-42cc-98d3-53bd0b65bb30",
                "object_id": "787293c9-dc10-48e9-bc10-bb6fe6a83dec",
                "user_assigned_identity_id": "/subscriptions/2fa0e512-f70e-430f-9186-1b06543a848e/resourceGroups/MC_Erez1-Candidate_aks-cluster_westeurope/providers/Microsoft.ManagedIdentity/userAssignedIdentities/aks-cluster-agentpool"
              }
            ],
            "kubernetes_version": "1.30",
            "linux_profile": [],
            "local_account_disabled": false,
            "location": "westeurope",
            "maintenance_window": [],
            "maintenance_window_auto_upgrade": [],
            "maintenance_window_node_os": [],
            "microsoft_defender": [],
            "monitor_metrics": [],
            "name": "aks-cluster",
            "network_profile": [
              {
                "dns_service_ip": "10.1.0.10",
                "ip_versions": [
                  "IPv4"
                ],
                "load_balancer_profile": [
                  {
                    "backend_pool_type": "NodeIPConfiguration",
                    "effective_outbound_ips": [
                      "/subscriptions/2fa0e512-f70e-430f-9186-1b06543a848e/resourceGroups/MC_Erez1-Candidate_aks-cluster_westeurope/providers/Microsoft.Network/publicIPAddresses/828a3c5e-4c9d-4b0e-b432-482d0a0570ae"
                    ],
                    "idle_timeout_in_minutes": 0,
                    "managed_outbound_ip_count": 1,
                    "managed_outbound_ipv6_count": 0,
                    "outbound_ip_address_ids": [],
                    "outbound_ip_prefix_ids": [],
                    "outbound_ports_allocated": 0
                  }
                ],
                "load_balancer_sku": "standard",
                "nat_gateway_profile": [],
                "network_data_plane": "azure",
                "network_mode": "",
                "network_plugin": "azure",
                "network_plugin_mode": "",
                "network_policy": "azure",
                "outbound_type": "loadBalancer",
                "pod_cidr": "",
                "pod_cidrs": [],
                "service_cidr": "10.1.0.0/16",
                "service_cidrs": [
                  "10.1.0.0/16"
                ]
              }
            ],
            "node_os_upgrade_channel": "NodeImage",
            "node_resource_group": "MC_Erez1-Candidate_aks-cluster_westeurope",
            "node_resource_group_id": "/subscriptions/2fa0e512-f70e-430f-9186-1b06543a848e/resourceGroups/MC_Erez1-Candidate_aks-cluster_westeurope",
            "oidc_issuer_enabled": false,
            "oidc_issuer_url": "",
            "oms_agent": [],
            "open_service_mesh_enabled": false,
            "portal_fqdn": "akscluster-n3wvgfzc.portal.hcp.westeurope.azmk8s.io",
            "private_cluster_enabled": false,
            "private_cluster_public_fqdn_enabled": false,
            "private_dns_zone_id": "",
            "private_fqdn": "",
            "resource_group_name": "Erez1-Candidate",
            "role_based_access_control_enabled": true,
            "run_command_enabled": true,
            "service_mesh_profile": [],
            "service_principal": [],
            "sku_tier": "Free",
            "storage_profile": [],
            "support_plan": "KubernetesOfficial",
            "tags": {},
            "timeouts": null,
            "web_app_routing": [],
            "windows_profile": [
              {
                "admin_password": "",
                "admin_username": "azureuser",
                "gmsa": [],
                "license": ""
              }
            ],
            "workload_autoscaler_profile": [],
            "workload_identity_enabled": false
          },
          "sensitive_attributes": [
            [
              {
                "type": "get_attr",
                "value": "kube_admin_config_raw"
              }
            ],
            [
              {
                "type": "get_attr",
                "value": "windows_profile"
              },
              {
                "type": "index",
                "value": {
                  "value": 0,
                  "type": "number"
                }
              },
              {
                "type": "get_attr",
                "value": "admin_password"
              }
            ],
            [
              {
                "type": "get_attr",
                "value": "kube_config"
              }
            ],
            [
              {
                "type": "get_attr",
                "value": "kube_config_raw"
              }
            ],
            [
              {
                "type": "get_attr",
                "value": "kube_admin_config"
              }
            ]
          ],
          "private": "eyJlMmJmYjczMC1lY2FhLTExZTYtOGY4OC0zNDM2M2JjN2M0YzAiOnsiY3JlYXRlIjo1NDAwMDAwMDAwMDAwLCJkZWxldGUiOjU0MDAwMDAwMDAwMDAsInJlYWQiOjMwMDAwMDAwMDAwMCwidXBkYXRlIjo1NDAwMDAwMDAwMDAwfSwic2NoZW1hX3ZlcnNpb24iOiIyIn0=",
          "dependencies": [
            "azurerm_resource_group.devops",
            "azurerm_subnet.aks_subnet",
            "azurerm_virtual_network.vnet"
          ]
        }
      ]
    },
    {
      "mode": "managed",
      "type": "azurerm_network_security_group",
      "name": "nsg",
      "provider": "provider[\"registry.terraform.io/hashicorp/azurerm\"]",
      "instances": [
        {
          "schema_version": 0,
          "attributes": {
            "id": "/subscriptions/2fa0e512-f70e-430f-9186-1b06543a848e/resourceGroups/Erez1-Candidate/providers/Microsoft.Network/networkSecurityGroups/aks-nsg",
            "location": "westeurope",
            "name": "aks-nsg",
            "resource_group_name": "Erez1-Candidate",
            "security_rule": [
              {
                "access": "Allow",
                "description": "",
                "destination_address_prefix": "*",
                "destination_address_prefixes": [],
                "destination_application_security_group_ids": [],
                "destination_port_range": "22",
                "destination_port_ranges": [],
                "direction": "Inbound",
                "name": "AllowSSH",
                "priority": 1001,
                "protocol": "Tcp",
                "source_address_prefix": "203.0.113.0/24",
                "source_address_prefixes": [],
                "source_application_security_group_ids": [],
                "source_port_range": "*",
                "source_port_ranges": []
              },
              {
                "access": "Allow",
                "description": "",
                "destination_address_prefix": "*",
                "destination_address_prefixes": [],
                "destination_application_security_group_ids": [],
                "destination_port_range": "443",
                "destination_port_ranges": [],
                "direction": "Inbound",
                "name": "AllowKubernetesAPI",
                "priority": 1002,
                "protocol": "Tcp",
                "source_address_prefix": "203.0.113.0/24",
                "source_address_prefixes": [],
                "source_application_security_group_ids": [],
                "source_port_range": "*",
                "source_port_ranges": []
              }
            ],
            "tags": {},
            "timeouts": null
          },
          "sensitive_attributes": [],
          "private": "eyJlMmJmYjczMC1lY2FhLTExZTYtOGY4OC0zNDM2M2JjN2M0YzAiOnsiY3JlYXRlIjoxODAwMDAwMDAwMDAwLCJkZWxldGUiOjE4MDAwMDAwMDAwMDAsInJlYWQiOjMwMDAwMDAwMDAwMCwidXBkYXRlIjoxODAwMDAwMDAwMDAwfX0=",
          "dependencies": [
            "azurerm_resource_group.devops"
          ]
        }
      ]
    },
    {
      "mode": "managed",
      "type": "azurerm_network_security_rule",
      "name": "appgw_inbound",
      "provider": "provider[\"registry.terraform.io/hashicorp/azurerm\"]",
      "instances": [
        {
          "schema_version": 0,
          "attributes": {
            "access": "Allow",
            "description": "",
            "destination_address_prefix": "*",
            "destination_address_prefixes": null,
            "destination_application_security_group_ids": null,
            "destination_port_range": "",
            "destination_port_ranges": [
              "65200-65535"
            ],
            "direction": "Inbound",
            "id": "/subscriptions/2fa0e512-f70e-430f-9186-1b06543a848e/resourceGroups/Erez1-Candidate/providers/Microsoft.Network/networkSecurityGroups/aks-nsg/securityRules/appgw-inbound",
            "name": "appgw-inbound",
            "network_security_group_name": "aks-nsg",
            "priority": 100,
            "protocol": "Tcp",
            "resource_group_name": "Erez1-Candidate",
            "source_address_prefix": "*",
            "source_address_prefixes": null,
            "source_application_security_group_ids": null,
            "source_port_range": "*",
            "source_port_ranges": null,
            "timeouts": null
          },
          "sensitive_attributes": [],
          "private": "eyJlMmJmYjczMC1lY2FhLTExZTYtOGY4OC0zNDM2M2JjN2M0YzAiOnsiY3JlYXRlIjoxODAwMDAwMDAwMDAwLCJkZWxldGUiOjE4MDAwMDAwMDAwMDAsInJlYWQiOjMwMDAwMDAwMDAwMCwidXBkYXRlIjoxODAwMDAwMDAwMDAwfX0=",
          "dependencies": [
            "azurerm_network_security_group.nsg",
            "azurerm_resource_group.devops"
          ]
        }
      ]
    },
    {
      "mode": "managed",
      "type": "azurerm_resource_group",
      "name": "devops",
      "provider": "provider[\"registry.terraform.io/hashicorp/azurerm\"]",
      "instances": [
        {
          "schema_version": 0,
          "attributes": {
            "id": "/subscriptions/2fa0e512-f70e-430f-9186-1b06543a848e/resourceGroups/Erez1-Candidate",
            "location": "westeurope",
            "managed_by": "",
            "name": "Erez1-Candidate",
            "tags": {},
            "timeouts": null
          },
          "sensitive_attributes": [],
          "private": "eyJlMmJmYjczMC1lY2FhLTExZTYtOGY4OC0zNDM2M2JjN2M0YzAiOnsiY3JlYXRlIjo1NDAwMDAwMDAwMDAwLCJkZWxldGUiOjU0MDAwMDAwMDAwMDAsInJlYWQiOjMwMDAwMDAwMDAwMCwidXBkYXRlIjo1NDAwMDAwMDAwMDAwfSwic2NoZW1hX3ZlcnNpb24iOiIwIn0="
        }
      ]
    },
    {
      "mode": "managed",
      "type": "azurerm_storage_account",
      "name": "terraform_state",
      "provider": "provider[\"registry.terraform.io/hashicorp/azurerm\"]",
      "instances": [
        {
          "schema_version": 4,
          "attributes": {
            "access_tier": "Hot",
            "account_kind": "StorageV2",
            "account_replication_type": "LRS",
            "account_tier": "Standard",
            "allow_nested_items_to_be_public": true,
            "allowed_copy_scope": "",
            "azure_files_authentication": [],
            "blob_properties": [
              {
                "change_feed_enabled": false,
                "change_feed_retention_in_days": 0,
                "container_delete_retention_policy": [],
                "cors_rule": [],
                "default_service_version": "",
                "delete_retention_policy": [],
                "last_access_time_enabled": false,
                "restore_policy": [],
                "versioning_enabled": false
              }
            ],
            "cross_tenant_replication_enabled": false,
            "custom_domain": [],
            "customer_managed_key": [],
            "default_to_oauth_authentication": false,
            "dns_endpoint_type": "Standard",
            "edge_zone": "",
            "https_traffic_only_enabled": true,
            "id": "/subscriptions/2fa0e512-f70e-430f-9186-1b06543a848e/resourceGroups/Erez1-Candidate/providers/Microsoft.Storage/storageAccounts/tfstateerez",
            "identity": [],
            "immutability_policy": [],
            "infrastructure_encryption_enabled": false,
            "is_hns_enabled": false,
            "large_file_share_enabled": false,
            "local_user_enabled": true,
            "location": "westeurope",
            "min_tls_version": "TLS1_2",
            "name": "tfstateerez",
            "network_rules": [],
            "nfsv3_enabled": false,
            "primary_access_key": "/IG56bbJJd/Udjmo4raIMS4vyV5WqlwJfbByyyI1jzKmNQP8kxeLgJyCKKFrQSLxXtkos2EapVOT+ASt2yuRnQ==",
            "primary_blob_connection_string": "DefaultEndpointsProtocol=https;BlobEndpoint=https://tfstateerez.blob.core.windows.net/;AccountName=tfstateerez;AccountKey=/IG56bbJJd/Udjmo4raIMS4vyV5WqlwJfbByyyI1jzKmNQP8kxeLgJyCKKFrQSLxXtkos2EapVOT+ASt2yuRnQ==",
            "primary_blob_endpoint": "https://tfstateerez.blob.core.windows.net/",
            "primary_blob_host": "tfstateerez.blob.core.windows.net",
            "primary_blob_internet_endpoint": "",
            "primary_blob_internet_host": "",
            "primary_blob_microsoft_endpoint": "",
            "primary_blob_microsoft_host": "",
            "primary_connection_string": "DefaultEndpointsProtocol=https;AccountName=tfstateerez;AccountKey=/IG56bbJJd/Udjmo4raIMS4vyV5WqlwJfbByyyI1jzKmNQP8kxeLgJyCKKFrQSLxXtkos2EapVOT+ASt2yuRnQ==;EndpointSuffix=core.windows.net",
            "primary_dfs_endpoint": "https://tfstateerez.dfs.core.windows.net/",
            "primary_dfs_host": "tfstateerez.dfs.core.windows.net",
            "primary_dfs_internet_endpoint": "",
            "primary_dfs_internet_host": "",
            "primary_dfs_microsoft_endpoint": "",
            "primary_dfs_microsoft_host": "",
            "primary_file_endpoint": "https://tfstateerez.file.core.windows.net/",
            "primary_file_host": "tfstateerez.file.core.windows.net",
            "primary_file_internet_endpoint": "",
            "primary_file_internet_host": "",
            "primary_file_microsoft_endpoint": "",
            "primary_file_microsoft_host": "",
            "primary_location": "westeurope",
            "primary_queue_endpoint": "https://tfstateerez.queue.core.windows.net/",
            "primary_queue_host": "tfstateerez.queue.core.windows.net",
            "primary_queue_microsoft_endpoint": "",
            "primary_queue_microsoft_host": "",
            "primary_table_endpoint": "https://tfstateerez.table.core.windows.net/",
            "primary_table_host": "tfstateerez.table.core.windows.net",
            "primary_table_microsoft_endpoint": "",
            "primary_table_microsoft_host": "",
            "primary_web_endpoint": "https://tfstateerez.z6.web.core.windows.net/",
            "primary_web_host": "tfstateerez.z6.web.core.windows.net",
            "primary_web_internet_endpoint": "",
            "primary_web_internet_host": "",
            "primary_web_microsoft_endpoint": "",
            "primary_web_microsoft_host": "",
            "public_network_access_enabled": true,
            "queue_encryption_key_type": "Service",
            "queue_properties": [
              {
                "cors_rule": [],
                "hour_metrics": [
                  {
                    "enabled": true,
                    "include_apis": true,
                    "retention_policy_days": 7,
                    "version": "1.0"
                  }
                ],
                "logging": [
                  {
                    "delete": false,
                    "read": false,
                    "retention_policy_days": 0,
                    "version": "1.0",
                    "write": false
                  }
                ],
                "minute_metrics": [
                  {
                    "enabled": false,
                    "include_apis": false,
                    "retention_policy_days": 0,
                    "version": "1.0"
                  }
                ]
              }
            ],
            "resource_group_name": "Erez1-Candidate",
            "routing": [],
            "sas_policy": [],
            "secondary_access_key": "ZjULL6MzsjCWdxzSLKhBGTzBnV7tdyA0EqAcP044gnUkyffjC2LYO1BDNgJh30VobHWAKcQJIZww+AStDhEWrg==",
            "secondary_blob_connection_string": "",
            "secondary_blob_endpoint": "",
            "secondary_blob_host": "",
            "secondary_blob_internet_endpoint": "",
            "secondary_blob_internet_host": "",
            "secondary_blob_microsoft_endpoint": "",
            "secondary_blob_microsoft_host": "",
            "secondary_connection_string": "DefaultEndpointsProtocol=https;AccountName=tfstateerez;AccountKey=ZjULL6MzsjCWdxzSLKhBGTzBnV7tdyA0EqAcP044gnUkyffjC2LYO1BDNgJh30VobHWAKcQJIZww+AStDhEWrg==;EndpointSuffix=core.windows.net",
            "secondary_dfs_endpoint": "",
            "secondary_dfs_host": "",
            "secondary_dfs_internet_endpoint": "",
            "secondary_dfs_internet_host": "",
            "secondary_dfs_microsoft_endpoint": "",
            "secondary_dfs_microsoft_host": "",
            "secondary_file_endpoint": "",
            "secondary_file_host": "",
            "secondary_file_internet_endpoint": "",
            "secondary_file_internet_host": "",
            "secondary_file_microsoft_endpoint": "",
            "secondary_file_microsoft_host": "",
            "secondary_location": "",
            "secondary_queue_endpoint": "",
            "secondary_queue_host": "",
            "secondary_queue_microsoft_endpoint": "",
            "secondary_queue_microsoft_host": "",
            "secondary_table_endpoint": "",
            "secondary_table_host": "",
            "secondary_table_microsoft_endpoint": "",
            "secondary_table_microsoft_host": "",
            "secondary_web_endpoint": "",
            "secondary_web_host": "",
            "secondary_web_internet_endpoint": "",
            "secondary_web_internet_host": "",
            "secondary_web_microsoft_endpoint": "",
            "secondary_web_microsoft_host": "",
            "sftp_enabled": false,
            "share_properties": [
              {
                "cors_rule": [],
                "retention_policy": [
                  {
                    "days": 7
                  }
                ],
                "smb": []
              }
            ],
            "shared_access_key_enabled": true,
            "static_website": [],
            "table_encryption_key_type": "Service",
            "tags": {},
            "timeouts": null
          },
          "sensitive_attributes": [
            [
              {
                "type": "get_attr",
                "value": "primary_connection_string"
              }
            ],
            [
              {
                "type": "get_attr",
                "value": "secondary_access_key"
              }
            ],
            [
              {
                "type": "get_attr",
                "value": "primary_blob_connection_string"
              }
            ],
            [
              {
                "type": "get_attr",
                "value": "secondary_blob_connection_string"
              }
            ],
            [
              {
                "type": "get_attr",
                "value": "primary_access_key"
              }
            ],
            [
              {
                "type": "get_attr",
                "value": "secondary_connection_string"
              }
            ]
          ],
          "private": "eyJlMmJmYjczMC1lY2FhLTExZTYtOGY4OC0zNDM2M2JjN2M0YzAiOnsiY3JlYXRlIjozNjAwMDAwMDAwMDAwLCJkZWxldGUiOjM2MDAwMDAwMDAwMDAsInJlYWQiOjMwMDAwMDAwMDAwMCwidXBkYXRlIjozNjAwMDAwMDAwMDAwfSwic2NoZW1hX3ZlcnNpb24iOiI0In0=",
          "dependencies": [
            "azurerm_resource_group.devops"
          ]
        }
      ]
    },
    {
      "mode": "managed",
      "type": "azurerm_subnet",
      "name": "aks_subnet",
      "provider": "provider[\"registry.terraform.io/hashicorp/azurerm\"]",
      "instances": [
        {
          "schema_version": 0,
          "attributes": {
            "address_prefixes": [
              "10.0.1.0/24"
            ],
            "default_outbound_access_enabled": true,
            "delegation": [],
            "id": "/subscriptions/2fa0e512-f70e-430f-9186-1b06543a848e/resourceGroups/Erez1-Candidate/providers/Microsoft.Network/virtualNetworks/aks-vnet/subnets/aks-subnet",
            "name": "aks-subnet",
            "private_endpoint_network_policies": "Disabled",
            "private_link_service_network_policies_enabled": true,
            "resource_group_name": "Erez1-Candidate",
            "service_endpoint_policy_ids": [],
            "service_endpoints": [],
            "timeouts": null,
            "virtual_network_name": "aks-vnet"
          },
          "sensitive_attributes": [],
          "private": "eyJlMmJmYjczMC1lY2FhLTExZTYtOGY4OC0zNDM2M2JjN2M0YzAiOnsiY3JlYXRlIjoxODAwMDAwMDAwMDAwLCJkZWxldGUiOjE4MDAwMDAwMDAwMDAsInJlYWQiOjMwMDAwMDAwMDAwMCwidXBkYXRlIjoxODAwMDAwMDAwMDAwfX0=",
          "dependencies": [
            "azurerm_resource_group.devops",
            "azurerm_virtual_network.vnet"
          ]
        }
      ]
    },
    {
      "mode": "managed",
      "type": "azurerm_subnet_network_security_group_association",
      "name": "aks_subnet_nsg",
      "provider": "provider[\"registry.terraform.io/hashicorp/azurerm\"]",
      "instances": [
        {
          "schema_version": 0,
          "attributes": {
            "id": "/subscriptions/2fa0e512-f70e-430f-9186-1b06543a848e/resourceGroups/Erez1-Candidate/providers/Microsoft.Network/virtualNetworks/aks-vnet/subnets/aks-subnet",
            "network_security_group_id": "/subscriptions/2fa0e512-f70e-430f-9186-1b06543a848e/resourceGroups/Erez1-Candidate/providers/Microsoft.Network/networkSecurityGroups/aks-nsg",
            "subnet_id": "/subscriptions/2fa0e512-f70e-430f-9186-1b06543a848e/resourceGroups/Erez1-Candidate/providers/Microsoft.Network/virtualNetworks/aks-vnet/subnets/aks-subnet",
            "timeouts": null
          },
          "sensitive_attributes": [],
          "private": "eyJlMmJmYjczMC1lY2FhLTExZTYtOGY4OC0zNDM2M2JjN2M0YzAiOnsiY3JlYXRlIjoxODAwMDAwMDAwMDAwLCJkZWxldGUiOjE4MDAwMDAwMDAwMDAsInJlYWQiOjMwMDAwMDAwMDAwMH19",
          "dependencies": [
            "azurerm_network_security_group.nsg",
            "azurerm_resource_group.devops",
            "azurerm_subnet.aks_subnet",
            "azurerm_virtual_network.vnet"
          ]
        }
      ]
    },
    {
      "mode": "managed",
      "type": "azurerm_virtual_network",
      "name": "vnet",
      "provider": "provider[\"registry.terraform.io/hashicorp/azurerm\"]",
      "instances": [
        {
          "schema_version": 0,
          "attributes": {
            "address_space": [
              "10.0.0.0/16"
            ],
            "bgp_community": "",
            "ddos_protection_plan": [],
            "dns_servers": [],
            "edge_zone": "",
            "encryption": [],
            "flow_timeout_in_minutes": 0,
            "guid": "706096aa-ac6a-4ba5-a7fd-d512fcb07d06",
            "id": "/subscriptions/2fa0e512-f70e-430f-9186-1b06543a848e/resourceGroups/Erez1-Candidate/providers/Microsoft.Network/virtualNetworks/aks-vnet",
            "location": "westeurope",
            "name": "aks-vnet",
            "private_endpoint_vnet_policies": "Disabled",
            "resource_group_name": "Erez1-Candidate",
            "subnet": [
              {
                "address_prefixes": [
                  "10.0.1.0/24"
                ],
                "default_outbound_access_enabled": true,
                "delegation": [],
                "id": "/subscriptions/2fa0e512-f70e-430f-9186-1b06543a848e/resourceGroups/Erez1-Candidate/providers/Microsoft.Network/virtualNetworks/aks-vnet/subnets/aks-subnet",
                "name": "aks-subnet",
                "private_endpoint_network_policies": "Disabled",
                "private_link_service_network_policies_enabled": true,
                "route_table_id": "",
                "security_group": "/subscriptions/2fa0e512-f70e-430f-9186-1b06543a848e/resourceGroups/Erez1-Candidate/providers/Microsoft.Network/networkSecurityGroups/aks-nsg",
                "service_endpoint_policy_ids": [],
                "service_endpoints": []
              },
              {
                "address_prefixes": [
                  "10.0.2.0/24"
                ],
                "default_outbound_access_enabled": true,
                "delegation": [],
                "id": "/subscriptions/2fa0e512-f70e-430f-9186-1b06543a848e/resourceGroups/Erez1-Candidate/providers/Microsoft.Network/virtualNetworks/aks-vnet/subnets/appgw-subnet",
                "name": "appgw-subnet",
                "private_endpoint_network_policies": "Disabled",
                "private_link_service_network_policies_enabled": true,
                "route_table_id": "",
                "security_group": "",
                "service_endpoint_policy_ids": [],
                "service_endpoints": []
              }
            ],
            "tags": {},
            "timeouts": null
          },
          "sensitive_attributes": [],
          "private": "eyJlMmJmYjczMC1lY2FhLTExZTYtOGY4OC0zNDM2M2JjN2M0YzAiOnsiY3JlYXRlIjoxODAwMDAwMDAwMDAwLCJkZWxldGUiOjE4MDAwMDAwMDAwMDAsInJlYWQiOjMwMDAwMDAwMDAwMCwidXBkYXRlIjoxODAwMDAwMDAwMDAwfX0=",
          "dependencies": [
            "azurerm_resource_group.devops"
          ]
        }
      ]
    }
  ],
  "check_results": null
}
